
Microsoft Visual Studio Solution File, Format Version 12.00
# Visual Studio Version 16
VisualStudioVersion = 16.0.30011.22
MinimumVisualStudioVersion = 10.0.40219.1
Project("{FAE04EC0-301F-11D3-BF4B-00C04F79EFBC}") = "WPFDemoUI", "WPFControlsDemo\WPFDemoUI.csproj", "{5BF291CF-F15F-4EE6-901C-0458BFEA7C8D}"
EndProject
Project("{FAE04EC0-301F-11D3-BF4B-00C04F79EFBC}") = "DemoLibrary", "DemoLibrary\DemoLibrary.csproj", "{A762707F-F0A4-46C2-A6AF-A0D402CF1018}"
EndProject
Global
	GlobalSection(SolutionConfigurationPlatforms) = preSolution
		Debug|Any CPU = Debug|Any CPU
		Release|Any CPU = Release|Any CPU
	EndGlobalSection
	GlobalSection(ProjectConfigurationPlatforms) = postSolution
		{5BF291CF-F15F-4EE6-901C-0458BFEA7C8D}.Debug|Any CPU.ActiveCfg = Debug|Any CPU
		{5BF291CF-F15F-4EE6-901C-0458BFEA7C8D}.Debug|Any CPU.Build.0 = Debug|Any CPU
		{5BF291CF-F15F-4EE6-901C-0458BFEA7C8D}.Release|Any CPU.ActiveCfg = Release|Any CPU
		{5BF291CF-F15F-4EE6-901C-0458BFEA7C8D}.Release|Any CPU.Build.0 = Release|Any CPU
		{A762707F-F0A4-46C2-A6AF-A0D402CF1018}.Debug|Any CPU.ActiveCfg = Debug|Any CPU
		{A762707F-F0A4-46C2-A6AF-A0D402CF1018}.Debug|Any CPU.Build.0 = Debug|Any CPU
		{A762707F-F0A4-46C2-A6AF-A0D402CF1018}.Release|Any CPU.ActiveCfg = Release|Any CPU
		{A762707F-F0A4-46C2-A6AF-A0D402CF1018}.Release|Any CPU.Build.0 = Release|Any CPU
	EndGlobalSection
	GlobalSection(SolutionProperties) = preSolution
		HideSolutionNode = FALSE
	EndGlobalSection
	GlobalSection(ExtensibilityGlobals) = postSolution
		SolutionGuid = {C6256786-D9A5-4069-A146-D079C3B3467E}
	EndGlobalSection
EndGlobal
